# THIS IS AN AUTOGENERATED FILE. DO NOT EDIT THIS FILE DIRECTLY.
# yarn lockfile v1


packet-wrapper@^0.1.0:
  version "0.1.0"
  resolved "https://registry.npm.taobao.org/packet-wrapper/download/packet-wrapper-0.1.0.tgz#c3514de8a8a8879acbd2a8f9968bd74e13ab7637"
  integrity sha1-w1FN6Kioh5rL0qj5lovXThOrdjc=
